
Microsoft Visual Studio Solution File, Format Version 12.00
# Visual Studio Version 17
VisualStudioVersion = 17.5.002.0
MinimumVisualStudioVersion = 10.0.40219.1
Project("{9A19103F-16F7-4668-BE54-9A1E7A4F7556}") = "ExemploFundamentos", "ExemploFundamentos.csproj", "{AB8180E8-3DBE-4E29-A6D4-7E2D5455C24F}"
EndProject
Global
	GlobalSection(SolutionConfigurationPlatforms) = preSolution
		Debug|Any CPU = Debug|Any CPU
		Release|Any CPU = Release|Any CPU
	EndGlobalSection
	GlobalSection(ProjectConfigurationPlatforms) = postSolution
		{AB8180E8-3DBE-4E29-A6D4-7E2D5455C24F}.Debug|Any CPU.ActiveCfg = Debug|Any CPU
		{AB8180E8-3DBE-4E29-A6D4-7E2D5455C24F}.Debug|Any CPU.Build.0 = Debug|Any CPU
		{AB8180E8-3DBE-4E29-A6D4-7E2D5455C24F}.Release|Any CPU.ActiveCfg = Release|Any CPU
		{AB8180E8-3DBE-4E29-A6D4-7E2D5455C24F}.Release|Any CPU.Build.0 = Release|Any CPU
	EndGlobalSection
	GlobalSection(SolutionProperties) = preSolution
		HideSolutionNode = FALSE
	EndGlobalSection
	GlobalSection(ExtensibilityGlobals) = postSolution
		SolutionGuid = {AFB8DDBD-98F6-41F5-9E96-D39A40B74C3A}
	EndGlobalSection
EndGlobal
